
Microsoft Visual Studio Solution File, Format Version 12.00
# Visual Studio 15
VisualStudioVersion = 15.0.26124.0
MinimumVisualStudioVersion = 15.0.26124.0
Project("{2150E333-8FDC-42A3-9474-1A3956D46DE8}") = "src", "src", "{7A87438F-CEF7-4F08-88D9-B179E6A00C20}"
EndProject
Project("{FAE04EC0-301F-11D3-BF4B-00C04F79EFBC}") = "Liaro", "src\Liaro\Liaro.csproj", "{82AFF29B-982B-4CFC-987A-23734DFB0798}"
EndProject
Project("{FAE04EC0-301F-11D3-BF4B-00C04F79EFBC}") = "Liaro.DataLayer", "src\Liaro.DataLayer\Liaro.DataLayer.csproj", "{68324E5E-EC9F-4F47-878F-CE658B050B48}"
EndProject
Project("{FAE04EC0-301F-11D3-BF4B-00C04F79EFBC}") = "Liaro.ModelLayer", "src\Liaro.ModelLayer\Liaro.ModelLayer.csproj", "{715018BE-9104-4972-9221-4549F12B8EA1}"
EndProject
Project("{FAE04EC0-301F-11D3-BF4B-00C04F79EFBC}") = "Liaro.ServiceLayer", "src\Liaro.ServiceLayer\Liaro.ServiceLayer.csproj", "{3E79A953-4221-4A35-9490-701444B49262}"
EndProject
Project("{FAE04EC0-301F-11D3-BF4B-00C04F79EFBC}") = "Liaro.Common", "src\Liaro.Common\Liaro.Common.csproj", "{FCCE29DB-79DF-46C5-83E5-F821B617538D}"
EndProject
Global
	GlobalSection(SolutionConfigurationPlatforms) = preSolution
		Debug|Any CPU = Debug|Any CPU
		Debug|x64 = Debug|x64
		Debug|x86 = Debug|x86
		Release|Any CPU = Release|Any CPU
		Release|x64 = Release|x64
		Release|x86 = Release|x86
	EndGlobalSection
	GlobalSection(SolutionProperties) = preSolution
		HideSolutionNode = FALSE
	EndGlobalSection
	GlobalSection(ProjectConfigurationPlatforms) = postSolution
		{82AFF29B-982B-4CFC-987A-23734DFB0798}.Debug|Any CPU.ActiveCfg = Debug|Any CPU
		{82AFF29B-982B-4CFC-987A-23734DFB0798}.Debug|Any CPU.Build.0 = Debug|Any CPU
		{82AFF29B-982B-4CFC-987A-23734DFB0798}.Debug|x64.ActiveCfg = Debug|Any CPU
		{82AFF29B-982B-4CFC-987A-23734DFB0798}.Debug|x64.Build.0 = Debug|Any CPU
		{82AFF29B-982B-4CFC-987A-23734DFB0798}.Debug|x86.ActiveCfg = Debug|Any CPU
		{82AFF29B-982B-4CFC-987A-23734DFB0798}.Debug|x86.Build.0 = Debug|Any CPU
		{82AFF29B-982B-4CFC-987A-23734DFB0798}.Release|Any CPU.ActiveCfg = Release|Any CPU
		{82AFF29B-982B-4CFC-987A-23734DFB0798}.Release|Any CPU.Build.0 = Release|Any CPU
		{82AFF29B-982B-4CFC-987A-23734DFB0798}.Release|x64.ActiveCfg = Release|Any CPU
		{82AFF29B-982B-4CFC-987A-23734DFB0798}.Release|x64.Build.0 = Release|Any CPU
		{82AFF29B-982B-4CFC-987A-23734DFB0798}.Release|x86.ActiveCfg = Release|Any CPU
		{82AFF29B-982B-4CFC-987A-23734DFB0798}.Release|x86.Build.0 = Release|Any CPU
		{68324E5E-EC9F-4F47-878F-CE658B050B48}.Debug|Any CPU.ActiveCfg = Debug|Any CPU
		{68324E5E-EC9F-4F47-878F-CE658B050B48}.Debug|Any CPU.Build.0 = Debug|Any CPU
		{68324E5E-EC9F-4F47-878F-CE658B050B48}.Debug|x64.ActiveCfg = Debug|Any CPU
		{68324E5E-EC9F-4F47-878F-CE658B050B48}.Debug|x64.Build.0 = Debug|Any CPU
		{68324E5E-EC9F-4F47-878F-CE658B050B48}.Debug|x86.ActiveCfg = Debug|Any CPU
		{68324E5E-EC9F-4F47-878F-CE658B050B48}.Debug|x86.Build.0 = Debug|Any CPU
		{68324E5E-EC9F-4F47-878F-CE658B050B48}.Release|Any CPU.ActiveCfg = Release|Any CPU
		{68324E5E-EC9F-4F47-878F-CE658B050B48}.Release|Any CPU.Build.0 = Release|Any CPU
		{68324E5E-EC9F-4F47-878F-CE658B050B48}.Release|x64.ActiveCfg = Release|Any CPU
		{68324E5E-EC9F-4F47-878F-CE658B050B48}.Release|x64.Build.0 = Release|Any CPU
		{68324E5E-EC9F-4F47-878F-CE658B050B48}.Release|x86.ActiveCfg = Release|Any CPU
		{68324E5E-EC9F-4F47-878F-CE658B050B48}.Release|x86.Build.0 = Release|Any CPU
		{715018BE-9104-4972-9221-4549F12B8EA1}.Debug|Any CPU.ActiveCfg = Debug|Any CPU
		{715018BE-9104-4972-9221-4549F12B8EA1}.Debug|Any CPU.Build.0 = Debug|Any CPU
		{715018BE-9104-4972-9221-4549F12B8EA1}.Debug|x64.ActiveCfg = Debug|Any CPU
		{715018BE-9104-4972-9221-4549F12B8EA1}.Debug|x64.Build.0 = Debug|Any CPU
		{715018BE-9104-4972-9221-4549F12B8EA1}.Debug|x86.ActiveCfg = Debug|Any CPU
		{715018BE-9104-4972-9221-4549F12B8EA1}.Debug|x86.Build.0 = Debug|Any CPU
		{715018BE-9104-4972-9221-4549F12B8EA1}.Release|Any CPU.ActiveCfg = Release|Any CPU
		{715018BE-9104-4972-9221-4549F12B8EA1}.Release|Any CPU.Build.0 = Release|Any CPU
		{715018BE-9104-4972-9221-4549F12B8EA1}.Release|x64.ActiveCfg = Release|Any CPU
		{715018BE-9104-4972-9221-4549F12B8EA1}.Release|x64.Build.0 = Release|Any CPU
		{715018BE-9104-4972-9221-4549F12B8EA1}.Release|x86.ActiveCfg = Release|Any CPU
		{715018BE-9104-4972-9221-4549F12B8EA1}.Release|x86.Build.0 = Release|Any CPU
		{3E79A953-4221-4A35-9490-701444B49262}.Debug|Any CPU.ActiveCfg = Debug|Any CPU
		{3E79A953-4221-4A35-9490-701444B49262}.Debug|Any CPU.Build.0 = Debug|Any CPU
		{3E79A953-4221-4A35-9490-701444B49262}.Debug|x64.ActiveCfg = Debug|Any CPU
		{3E79A953-4221-4A35-9490-701444B49262}.Debug|x64.Build.0 = Debug|Any CPU
		{3E79A953-4221-4A35-9490-701444B49262}.Debug|x86.ActiveCfg = Debug|Any CPU
		{3E79A953-4221-4A35-9490-701444B49262}.Debug|x86.Build.0 = Debug|Any CPU
		{3E79A953-4221-4A35-9490-701444B49262}.Release|Any CPU.ActiveCfg = Release|Any CPU
		{3E79A953-4221-4A35-9490-701444B49262}.Release|Any CPU.Build.0 = Release|Any CPU
		{3E79A953-4221-4A35-9490-701444B49262}.Release|x64.ActiveCfg = Release|Any CPU
		{3E79A953-4221-4A35-9490-701444B49262}.Release|x64.Build.0 = Release|Any CPU
		{3E79A953-4221-4A35-9490-701444B49262}.Release|x86.ActiveCfg = Release|Any CPU
		{3E79A953-4221-4A35-9490-701444B49262}.Release|x86.Build.0 = Release|Any CPU
		{FCCE29DB-79DF-46C5-83E5-F821B617538D}.Debug|Any CPU.ActiveCfg = Debug|Any CPU
		{FCCE29DB-79DF-46C5-83E5-F821B617538D}.Debug|Any CPU.Build.0 = Debug|Any CPU
		{FCCE29DB-79DF-46C5-83E5-F821B617538D}.Debug|x64.ActiveCfg = Debug|Any CPU
		{FCCE29DB-79DF-46C5-83E5-F821B617538D}.Debug|x64.Build.0 = Debug|Any CPU
		{FCCE29DB-79DF-46C5-83E5-F821B617538D}.Debug|x86.ActiveCfg = Debug|Any CPU
		{FCCE29DB-79DF-46C5-83E5-F821B617538D}.Debug|x86.Build.0 = Debug|Any CPU
		{FCCE29DB-79DF-46C5-83E5-F821B617538D}.Release|Any CPU.ActiveCfg = Release|Any CPU
		{FCCE29DB-79DF-46C5-83E5-F821B617538D}.Release|Any CPU.Build.0 = Release|Any CPU
		{FCCE29DB-79DF-46C5-83E5-F821B617538D}.Release|x64.ActiveCfg = Release|Any CPU
		{FCCE29DB-79DF-46C5-83E5-F821B617538D}.Release|x64.Build.0 = Release|Any CPU
		{FCCE29DB-79DF-46C5-83E5-F821B617538D}.Release|x86.ActiveCfg = Release|Any CPU
		{FCCE29DB-79DF-46C5-83E5-F821B617538D}.Release|x86.Build.0 = Release|Any CPU
	EndGlobalSection
	GlobalSection(NestedProjects) = preSolution
		{82AFF29B-982B-4CFC-987A-23734DFB0798} = {7A87438F-CEF7-4F08-88D9-B179E6A00C20}
		{68324E5E-EC9F-4F47-878F-CE658B050B48} = {7A87438F-CEF7-4F08-88D9-B179E6A00C20}
		{715018BE-9104-4972-9221-4549F12B8EA1} = {7A87438F-CEF7-4F08-88D9-B179E6A00C20}
		{3E79A953-4221-4A35-9490-701444B49262} = {7A87438F-CEF7-4F08-88D9-B179E6A00C20}
		{FCCE29DB-79DF-46C5-83E5-F821B617538D} = {7A87438F-CEF7-4F08-88D9-B179E6A00C20}
	EndGlobalSection
EndGlobal
